
Microsoft Visual Studio Solution File, Format Version 12.00
# Visual Studio Version 17
VisualStudioVersion = 17.10.35013.160
MinimumVisualStudioVersion = 10.0.40219.1
Project("{9A19103F-16F7-4668-BE54-9A1E7A4F7556}") = "MessageService.API", "MessageService.API\MessageService.API.csproj", "{454BC12F-1C8A-44A0-A3BB-13DA757EC5D1}"
EndProject
Project("{9A19103F-16F7-4668-BE54-9A1E7A4F7556}") = "MessageClient1", "MessageClient1\MessageClient1.csproj", "{9EAA6F61-8BB4-4297-9B8F-2296ECF0ECDC}"
EndProject
Project("{9A19103F-16F7-4668-BE54-9A1E7A4F7556}") = "MessageClient2", "MessageClient2\MessageClient2.csproj", "{CC847158-98AA-4E30-873A-D2C9D3862B80}"
EndProject
Project("{9A19103F-16F7-4668-BE54-9A1E7A4F7556}") = "MessageClient3", "MessageClient3\MessageClient3.csproj", "{7BF9AD88-84F0-4A7D-B50A-A2DFB3A18E92}"
EndProject
Project("{2150E333-8FDC-42A3-9474-1A3956D46DE8}") = "Элементы решения", "Элементы решения", "{C9B90D45-08BE-407E-9D5A-BC9BD7ED47EB}"
	ProjectSection(SolutionItems) = preProject
		Dockerfile = Dockerfile
	EndProjectSection
EndProject
Global
	GlobalSection(SolutionConfigurationPlatforms) = preSolution
		Debug|Any CPU = Debug|Any CPU
		Release|Any CPU = Release|Any CPU
	EndGlobalSection
	GlobalSection(ProjectConfigurationPlatforms) = postSolution
		{454BC12F-1C8A-44A0-A3BB-13DA757EC5D1}.Debug|Any CPU.ActiveCfg = Debug|Any CPU
		{454BC12F-1C8A-44A0-A3BB-13DA757EC5D1}.Debug|Any CPU.Build.0 = Debug|Any CPU
		{454BC12F-1C8A-44A0-A3BB-13DA757EC5D1}.Release|Any CPU.ActiveCfg = Release|Any CPU
		{454BC12F-1C8A-44A0-A3BB-13DA757EC5D1}.Release|Any CPU.Build.0 = Release|Any CPU
		{9EAA6F61-8BB4-4297-9B8F-2296ECF0ECDC}.Debug|Any CPU.ActiveCfg = Debug|Any CPU
		{9EAA6F61-8BB4-4297-9B8F-2296ECF0ECDC}.Debug|Any CPU.Build.0 = Debug|Any CPU
		{9EAA6F61-8BB4-4297-9B8F-2296ECF0ECDC}.Release|Any CPU.ActiveCfg = Release|Any CPU
		{9EAA6F61-8BB4-4297-9B8F-2296ECF0ECDC}.Release|Any CPU.Build.0 = Release|Any CPU
		{CC847158-98AA-4E30-873A-D2C9D3862B80}.Debug|Any CPU.ActiveCfg = Debug|Any CPU
		{CC847158-98AA-4E30-873A-D2C9D3862B80}.Debug|Any CPU.Build.0 = Debug|Any CPU
		{CC847158-98AA-4E30-873A-D2C9D3862B80}.Release|Any CPU.ActiveCfg = Release|Any CPU
		{CC847158-98AA-4E30-873A-D2C9D3862B80}.Release|Any CPU.Build.0 = Release|Any CPU
		{7BF9AD88-84F0-4A7D-B50A-A2DFB3A18E92}.Debug|Any CPU.ActiveCfg = Debug|Any CPU
		{7BF9AD88-84F0-4A7D-B50A-A2DFB3A18E92}.Debug|Any CPU.Build.0 = Debug|Any CPU
		{7BF9AD88-84F0-4A7D-B50A-A2DFB3A18E92}.Release|Any CPU.ActiveCfg = Release|Any CPU
		{7BF9AD88-84F0-4A7D-B50A-A2DFB3A18E92}.Release|Any CPU.Build.0 = Release|Any CPU
	EndGlobalSection
	GlobalSection(SolutionProperties) = preSolution
		HideSolutionNode = FALSE
	EndGlobalSection
	GlobalSection(ExtensibilityGlobals) = postSolution
		SolutionGuid = {075E0706-1E8E-4A14-B1DC-B191A0522224}
	EndGlobalSection
EndGlobal
